
Microsoft Visual Studio Solution File, Format Version 12.00
# Visual Studio Version 16
VisualStudioVersion = 16.0.28922.388
MinimumVisualStudioVersion = 10.0.40219.1
Project("{9A19103F-16F7-4668-BE54-9A1E7A4F7556}") = "Infermedica.Net", "Infermedica.Net\Infermedica.Net.csproj", "{1B74E8A9-EB46-4F55-943B-EA5B28B6A612}"
EndProject
Project("{9A19103F-16F7-4668-BE54-9A1E7A4F7556}") = "ConsoleChatApp", "Samples\ConsoleChatApp\ConsoleChatApp.csproj", "{0A15B284-4152-4991-A604-F9E4B32EA01B}"
EndProject
Project("{2150E333-8FDC-42A3-9474-1A3956D46DE8}") = "Samples", "Samples", "{66BF3E4E-FA75-4027-83DA-7BB3AB24EED5}"
EndProject
Global
	GlobalSection(SolutionConfigurationPlatforms) = preSolution
		Debug|Any CPU = Debug|Any CPU
		Debug|iPhone = Debug|iPhone
		Debug|iPhoneSimulator = Debug|iPhoneSimulator
		Release|Any CPU = Release|Any CPU
		Release|iPhone = Release|iPhone
		Release|iPhoneSimulator = Release|iPhoneSimulator
	EndGlobalSection
	GlobalSection(ProjectConfigurationPlatforms) = postSolution
		{1B74E8A9-EB46-4F55-943B-EA5B28B6A612}.Debug|Any CPU.ActiveCfg = Debug|Any CPU
		{1B74E8A9-EB46-4F55-943B-EA5B28B6A612}.Debug|Any CPU.Build.0 = Debug|Any CPU
		{1B74E8A9-EB46-4F55-943B-EA5B28B6A612}.Debug|iPhone.ActiveCfg = Debug|Any CPU
		{1B74E8A9-EB46-4F55-943B-EA5B28B6A612}.Debug|iPhone.Build.0 = Debug|Any CPU
		{1B74E8A9-EB46-4F55-943B-EA5B28B6A612}.Debug|iPhoneSimulator.ActiveCfg = Debug|Any CPU
		{1B74E8A9-EB46-4F55-943B-EA5B28B6A612}.Debug|iPhoneSimulator.Build.0 = Debug|Any CPU
		{1B74E8A9-EB46-4F55-943B-EA5B28B6A612}.Release|Any CPU.ActiveCfg = Release|Any CPU
		{1B74E8A9-EB46-4F55-943B-EA5B28B6A612}.Release|Any CPU.Build.0 = Release|Any CPU
		{1B74E8A9-EB46-4F55-943B-EA5B28B6A612}.Release|iPhone.ActiveCfg = Release|Any CPU
		{1B74E8A9-EB46-4F55-943B-EA5B28B6A612}.Release|iPhone.Build.0 = Release|Any CPU
		{1B74E8A9-EB46-4F55-943B-EA5B28B6A612}.Release|iPhoneSimulator.ActiveCfg = Release|Any CPU
		{1B74E8A9-EB46-4F55-943B-EA5B28B6A612}.Release|iPhoneSimulator.Build.0 = Release|Any CPU
		{0A15B284-4152-4991-A604-F9E4B32EA01B}.Debug|Any CPU.ActiveCfg = Debug|Any CPU
		{0A15B284-4152-4991-A604-F9E4B32EA01B}.Debug|Any CPU.Build.0 = Debug|Any CPU
		{0A15B284-4152-4991-A604-F9E4B32EA01B}.Debug|iPhone.ActiveCfg = Debug|Any CPU
		{0A15B284-4152-4991-A604-F9E4B32EA01B}.Debug|iPhone.Build.0 = Debug|Any CPU
		{0A15B284-4152-4991-A604-F9E4B32EA01B}.Debug|iPhoneSimulator.ActiveCfg = Debug|Any CPU
		{0A15B284-4152-4991-A604-F9E4B32EA01B}.Debug|iPhoneSimulator.Build.0 = Debug|Any CPU
		{0A15B284-4152-4991-A604-F9E4B32EA01B}.Release|Any CPU.ActiveCfg = Release|Any CPU
		{0A15B284-4152-4991-A604-F9E4B32EA01B}.Release|Any CPU.Build.0 = Release|Any CPU
		{0A15B284-4152-4991-A604-F9E4B32EA01B}.Release|iPhone.ActiveCfg = Release|Any CPU
		{0A15B284-4152-4991-A604-F9E4B32EA01B}.Release|iPhone.Build.0 = Release|Any CPU
		{0A15B284-4152-4991-A604-F9E4B32EA01B}.Release|iPhoneSimulator.ActiveCfg = Release|Any CPU
		{0A15B284-4152-4991-A604-F9E4B32EA01B}.Release|iPhoneSimulator.Build.0 = Release|Any CPU
	EndGlobalSection
	GlobalSection(SolutionProperties) = preSolution
		HideSolutionNode = FALSE
	EndGlobalSection
	GlobalSection(NestedProjects) = preSolution
		{0A15B284-4152-4991-A604-F9E4B32EA01B} = {66BF3E4E-FA75-4027-83DA-7BB3AB24EED5}
	EndGlobalSection
	GlobalSection(ExtensibilityGlobals) = postSolution
		SolutionGuid = {2D3F6E20-0861-4CA8-88E7-845CAE2A5C9A}
	EndGlobalSection
EndGlobal
